
Microsoft Visual Studio Solution File, Format Version 12.00
Project("{FAE04EC0-301F-11D3-BF4B-00C04F79EFBC}") = "Usermap", "src\Usermap\Usermap.csproj", "{15B2AEA8-CB67-404C-AF12-BA4BD8B3889C}"
EndProject
Project("{FAE04EC0-301F-11D3-BF4B-00C04F79EFBC}") = "Basic", "src\Basic\Basic.csproj", "{2F98AF88-D5DC-4D1B-93E0-62BCCF26D560}"
EndProject
Project("{2150E333-8FDC-42A3-9474-1A3956D46DE8}") = ".metadata", ".metadata", "{572F0F07-2F80-4A11-9B8D-28297A102806}"
ProjectSection(SolutionItems) = preProject
	stylecop.ruleset = stylecop.ruleset
	stylecop.json = stylecop.json
	Directory.Build.props = Directory.Build.props
EndProjectSection
EndProject
Project("{2150E333-8FDC-42A3-9474-1A3956D46DE8}") = "Examples", "Examples", "{D566F6C6-E621-4A8E-9573-6A34B978BF14}"
EndProject
Project("{FAE04EC0-301F-11D3-BF4B-00C04F79EFBC}") = "Scoped", "Scoped\Scoped.csproj", "{A48651B6-F075-400C-8F5F-68156F78A451}"
EndProject
Global
	GlobalSection(SolutionConfigurationPlatforms) = preSolution
		Debug|Any CPU = Debug|Any CPU
		Release|Any CPU = Release|Any CPU
	EndGlobalSection
	GlobalSection(ProjectConfigurationPlatforms) = postSolution
		{15B2AEA8-CB67-404C-AF12-BA4BD8B3889C}.Debug|Any CPU.ActiveCfg = Debug|Any CPU
		{15B2AEA8-CB67-404C-AF12-BA4BD8B3889C}.Debug|Any CPU.Build.0 = Debug|Any CPU
		{15B2AEA8-CB67-404C-AF12-BA4BD8B3889C}.Release|Any CPU.ActiveCfg = Release|Any CPU
		{15B2AEA8-CB67-404C-AF12-BA4BD8B3889C}.Release|Any CPU.Build.0 = Release|Any CPU
		{2F98AF88-D5DC-4D1B-93E0-62BCCF26D560}.Debug|Any CPU.ActiveCfg = Debug|Any CPU
		{2F98AF88-D5DC-4D1B-93E0-62BCCF26D560}.Debug|Any CPU.Build.0 = Debug|Any CPU
		{2F98AF88-D5DC-4D1B-93E0-62BCCF26D560}.Release|Any CPU.ActiveCfg = Release|Any CPU
		{2F98AF88-D5DC-4D1B-93E0-62BCCF26D560}.Release|Any CPU.Build.0 = Release|Any CPU
		{A48651B6-F075-400C-8F5F-68156F78A451}.Debug|Any CPU.ActiveCfg = Debug|Any CPU
		{A48651B6-F075-400C-8F5F-68156F78A451}.Debug|Any CPU.Build.0 = Debug|Any CPU
		{A48651B6-F075-400C-8F5F-68156F78A451}.Release|Any CPU.ActiveCfg = Release|Any CPU
		{A48651B6-F075-400C-8F5F-68156F78A451}.Release|Any CPU.Build.0 = Release|Any CPU
	EndGlobalSection
	GlobalSection(NestedProjects) = preSolution
		{2F98AF88-D5DC-4D1B-93E0-62BCCF26D560} = {D566F6C6-E621-4A8E-9573-6A34B978BF14}
		{A48651B6-F075-400C-8F5F-68156F78A451} = {D566F6C6-E621-4A8E-9573-6A34B978BF14}
	EndGlobalSection
EndGlobal
